
Microsoft Visual Studio Solution File, Format Version 12.00
# Visual Studio Version 16
VisualStudioVersion = 16.0.29306.81
MinimumVisualStudioVersion = 10.0.40219.1
Project("{FAE04EC0-301F-11D3-BF4B-00C04F79EFBC}") = "PhoneBook.Wpf", "PhoneBook\PhoneBook.Wpf.csproj", "{225647A9-AD99-48C5-B26B-2353EC8BC6B9}"
EndProject
Project("{FAE04EC0-301F-11D3-BF4B-00C04F79EFBC}") = "PhoneBook.DataAcces", "PhoneBook.DataAcces\PhoneBook.DataAcces.csproj", "{E23843B6-4361-41E5-8C11-D23B4EDA73DD}"
EndProject
Project("{FAE04EC0-301F-11D3-BF4B-00C04F79EFBC}") = "PhoneBook.Domain", "PhoneBook.Domain\PhoneBook.Domain.csproj", "{C0AC1855-D951-466D-B95C-1782D5773632}"
EndProject
Project("{FAE04EC0-301F-11D3-BF4B-00C04F79EFBC}") = "PhoneBook.Infrastructure", "PhoneBook.Infrastructure\PhoneBook.Infrastructure.csproj", "{F5629BA1-7707-4C66-B25A-8C307D06E833}"
EndProject
Project("{FAE04EC0-301F-11D3-BF4B-00C04F79EFBC}") = "PhoneBook.Repository", "PhoneBook.Repository\PhoneBook.Repository.csproj", "{42487FCC-7A7F-48BE-8AAB-7AC2242C2EC8}"
EndProject
Project("{FAE04EC0-301F-11D3-BF4B-00C04F79EFBC}") = "PhoneBook.WinForms", "WinForms\PhoneBook.WinForms.csproj", "{8ECCE1B5-3423-4F1B-9DA5-AD3DD58C5024}"
EndProject
Global
	GlobalSection(SolutionConfigurationPlatforms) = preSolution
		Debug|Any CPU = Debug|Any CPU
		Release|Any CPU = Release|Any CPU
	EndGlobalSection
	GlobalSection(ProjectConfigurationPlatforms) = postSolution
		{225647A9-AD99-48C5-B26B-2353EC8BC6B9}.Debug|Any CPU.ActiveCfg = Debug|Any CPU
		{225647A9-AD99-48C5-B26B-2353EC8BC6B9}.Debug|Any CPU.Build.0 = Debug|Any CPU
		{225647A9-AD99-48C5-B26B-2353EC8BC6B9}.Release|Any CPU.ActiveCfg = Release|Any CPU
		{225647A9-AD99-48C5-B26B-2353EC8BC6B9}.Release|Any CPU.Build.0 = Release|Any CPU
		{E23843B6-4361-41E5-8C11-D23B4EDA73DD}.Debug|Any CPU.ActiveCfg = Debug|Any CPU
		{E23843B6-4361-41E5-8C11-D23B4EDA73DD}.Debug|Any CPU.Build.0 = Debug|Any CPU
		{E23843B6-4361-41E5-8C11-D23B4EDA73DD}.Release|Any CPU.ActiveCfg = Release|Any CPU
		{E23843B6-4361-41E5-8C11-D23B4EDA73DD}.Release|Any CPU.Build.0 = Release|Any CPU
		{C0AC1855-D951-466D-B95C-1782D5773632}.Debug|Any CPU.ActiveCfg = Debug|Any CPU
		{C0AC1855-D951-466D-B95C-1782D5773632}.Debug|Any CPU.Build.0 = Debug|Any CPU
		{C0AC1855-D951-466D-B95C-1782D5773632}.Release|Any CPU.ActiveCfg = Release|Any CPU
		{C0AC1855-D951-466D-B95C-1782D5773632}.Release|Any CPU.Build.0 = Release|Any CPU
		{F5629BA1-7707-4C66-B25A-8C307D06E833}.Debug|Any CPU.ActiveCfg = Debug|Any CPU
		{F5629BA1-7707-4C66-B25A-8C307D06E833}.Debug|Any CPU.Build.0 = Debug|Any CPU
		{F5629BA1-7707-4C66-B25A-8C307D06E833}.Release|Any CPU.ActiveCfg = Release|Any CPU
		{F5629BA1-7707-4C66-B25A-8C307D06E833}.Release|Any CPU.Build.0 = Release|Any CPU
		{42487FCC-7A7F-48BE-8AAB-7AC2242C2EC8}.Debug|Any CPU.ActiveCfg = Debug|Any CPU
		{42487FCC-7A7F-48BE-8AAB-7AC2242C2EC8}.Debug|Any CPU.Build.0 = Debug|Any CPU
		{42487FCC-7A7F-48BE-8AAB-7AC2242C2EC8}.Release|Any CPU.ActiveCfg = Release|Any CPU
		{42487FCC-7A7F-48BE-8AAB-7AC2242C2EC8}.Release|Any CPU.Build.0 = Release|Any CPU
		{8ECCE1B5-3423-4F1B-9DA5-AD3DD58C5024}.Debug|Any CPU.ActiveCfg = Debug|Any CPU
		{8ECCE1B5-3423-4F1B-9DA5-AD3DD58C5024}.Debug|Any CPU.Build.0 = Debug|Any CPU
		{8ECCE1B5-3423-4F1B-9DA5-AD3DD58C5024}.Release|Any CPU.ActiveCfg = Release|Any CPU
		{8ECCE1B5-3423-4F1B-9DA5-AD3DD58C5024}.Release|Any CPU.Build.0 = Release|Any CPU
	EndGlobalSection
	GlobalSection(SolutionProperties) = preSolution
		HideSolutionNode = FALSE
	EndGlobalSection
	GlobalSection(ExtensibilityGlobals) = postSolution
		SolutionGuid = {7469B655-B292-4F47-8BBF-643B05002710}
	EndGlobalSection
EndGlobal
